# This file is automatically @generated by Cargo.
# It is not intended for manual editing.
version = 4

[[package]]
name = "adler2"
version = "2.0.1"
source = "registry+https://github.com/rust-lang/crates.io-index"
checksum = "320119579fcad9c21884f5c4861d16174d0e06250625266f50fe6898340abefa"

[[package]]
name = "arrayvec"
version = "0.7.8"
source = "registry+https://github.com/rust-lang/crates.io-index"
checksum = "d3fb67a6e08acf24fdeccbac2cb6ac4305825bd1f117462e0e6f2f193345ad56"

[[package]]
name = "autocfg"
version = "1.5.1"
source = "registry+https://github.com/rust-lang/crates.io-index"
checksum = "f2032f911046de80f0a198e0901378627c33f59ea0ac00e363d481118bd70a53"

[[package]]
name = "bitflags"
version = "2.13.2"
source = "registry+https://github.com/rust-lang/crates.io-index"
checksum = "3ded4057c258ba199e2d26386d3af3780957ecaee6c4ef4041c6b4b8b97c0b06"

[[package]]
name = "bytemuck"
version = "1.25.2"
source = "registry+https://github.com/rust-lang/crates.io-index"
checksum = "95832e849adfb21180ccb6826a99da14e5d266ae5c2e668e1602cf234f153797"
dependencies = [
 "bytemuck_derive",
]

[[package]]
name = "bytemuck_derive"
version = "1.12.1"
source = "registry+https://github.com/rust-lang/crates.io-index"
checksum = "6a1f896587b6f2c069c73d2f0913e2d590c3990285cd2f0b6aa02b786b4c679c"
dependencies = [
 "proc-macro2",
 "quote",
 "syn 3.0.6",
]

[[package]]
name = "byteorder"
version = "1.5.0"
source = "registry+https://github.com/rust-lang/crates.io-index"
checksum = "1fd0f2584146f6f2ef48085050886acf353beff7305ebd1ae69500e27c67f64b"

[[package]]
name = "cc"
version = "1.4.7"
source = "registry+https://github.com/rust-lang/crates.io-index"
checksum = "54413ede23c2daf518f35156dfde027feb2374004d63bd497f983c8db9c0e313"
dependencies = [
 "find-msvc-tools",
 "jobserver",
 "libc",
 "shlex",
]

[[package]]
name = "cfg-if"
version = "1.0.5"
source = "registry+https://github.com/rust-lang/crates.io-index"
checksum = "4e7648175b45a9a48536d676f68d918270699102aa8dab5496df06904c914600"

[[package]]
name = "color"
version = "0.3.3"
source = "registry+https://github.com/rust-lang/crates.io-index"
checksum = "2ec7c5eb7a16992b1904d76c517d170ab353b0e0b3d5a0c81a8a0cd1037893cf"
dependencies = [
 "bytemuck",
 "libm",
]

[[package]]
name = "core_maths"
version = "0.1.1"
source = "registry+https://github.com/rust-lang/crates.io-index"
checksum = "77745e017f5edba1a9c1d854f6f3a52dac8a12dd5af5d2f54aecf61e43d80d30"
dependencies = [
 "libm",
]

[[package]]
name = "crc32fast"
version = "1.5.2"
source = "registry+https://github.com/rust-lang/crates.io-index"
checksum = "01a7799fd6b852db0e61728dde9a204c423b44d689dbd432522543614b490e78"
dependencies = [
 "cfg-if",
]

[[package]]
name = "crunchy"
version = "0.2.4"
source = "registry+https://github.com/rust-lang/crates.io-index"
checksum = "460fbee9c2c2f33933d720630a6a0bac33ba7053db5344fac858d4b8952d77d5"

[[package]]
name = "ctt"
version = "0.5.0"
source = "registry+https://github.com/rust-lang/crates.io-index"
checksum = "0c119cc328a986d0bae3a1753941595f1dc6a0f2d938b5f49edf8937bd606fa9"
dependencies = [
 "bytemuck",
 "ctt-astcenc",
 "ctt-bc7enc-rdo",
 "ctt-intel-texture-compressor",
 "ddsfile",
 "fast_image_resize",
 "flate2",
 "half",
 "ktx2",
 "log",
 "miniz_oxide 0.8.9",
 "profiling",
 "thiserror",
 "zstd",
]

[[package]]
name = "ctt-astcenc"
version = "0.5.0"
source = "registry+https://github.com/rust-lang/crates.io-index"
checksum = "24a806826f523401c1c8a9afded1c5625f005fd8e6567ceba2fe6254d8c59e3e"
dependencies = [
 "bitflags",
 "cc",
 "paste",
]

[[package]]
name = "ctt-bc7enc-rdo"
version = "0.5.0"
source = "registry+https://github.com/rust-lang/crates.io-index"
checksum = "1a4ad8fcbfcafc39a9e02bfb344fd517dd0bcd7adabcc25de19e9703eb3b99a3"
dependencies = [
 "ctt-bc7enc-rdo-prebuilt",
 "ispc-build-utils",
]

[[package]]
name = "ctt-bc7enc-rdo-prebuilt"
version = "0.5.0"
source = "registry+https://github.com/rust-lang/crates.io-index"
checksum = "f27a2776bbafcc2d335c0621aa9dbd40ecfecdb02a636d3fcd2a2379f96f7472"
dependencies = [
 "ispc-build-utils",
]

[[package]]
name = "ctt-intel-texture-compressor"
version = "0.5.0"
source = "registry+https://github.com/rust-lang/crates.io-index"
checksum = "452985b4223f1a68da0722161ff9a7dbb33bcb32cd30f341b541fd980c58fb26"
dependencies = [
 "cc",
 "ctt-intel-texture-compressor-prebuilt",
 "ispc-build-utils",
]

[[package]]
name = "ctt-intel-texture-compressor-prebuilt"
version = "0.5.0"
source = "registry+https://github.com/rust-lang/crates.io-index"
checksum = "aa4031e53991b02e2b9fb903f3bb458ab9a2afcec99320800d4d4092dc43d33c"
dependencies = [
 "ispc-build-utils",
]

[[package]]
name = "dapple_bake"
version = "0.0.0"
dependencies = [
 "dapple_compress",
 "dapple_encode",
 "dapple_field",
 "dapple_graph",
 "dapple_raster",
 "serde",
 "toml",
]

[[package]]
name = "dapple_compress"
version = "0.0.1"
dependencies = [
 "ctt",
 "dapple_encode",
]

[[package]]
name = "dapple_elements"
version = "0.0.1"
dependencies = [
 "dapple_field",
 "dapple_raster",
 "glam",
 "libm",
]

[[package]]
name = "dapple_encode"
version = "0.0.1"
dependencies = [
 "dapple_field",
 "dapple_raster",
 "libm",
 "png",
 "serde",
]

[[package]]
name = "dapple_exedra"
version = "0.0.1"
dependencies = [
 "dapple_field",
 "exedra_mesh",
 "glam",
 "libm",
]

[[package]]
name = "dapple_field"
version = "0.0.1"
dependencies = [
 "exedra_math",
 "glam",
 "libm",
 "serde",
]

[[package]]
name = "dapple_graph"
version = "0.0.1"
dependencies = [
 "dapple_encode",
 "dapple_field",
 "dapple_raster",
 "execution_graph",
 "glam",
 "invalidation",
 "libm",
 "serde",
]

[[package]]
name = "dapple_imaging"
version = "0.0.1"
dependencies = [
 "dapple_field",
 "dapple_raster",
 "glam",
 "imaging",
 "imaging_vello_cpu",
 "libm",
]

[[package]]
name = "dapple_lab"
version = "0.0.1"
dependencies = [
 "dapple_encode",
 "dapple_field",
 "dapple_material",
 "dapple_raster",
 "glam",
 "libm",
 "png",
]

[[package]]
name = "dapple_library"
version = "0.0.1"
dependencies = [
 "dapple_elements",
 "dapple_field",
 "dapple_material",
 "dapple_package",
 "dapple_raster",
 "glam",
 "libm",
]

[[package]]
name = "dapple_material"
version = "0.0.1"
dependencies = [
 "dapple_encode",
 "dapple_field",
 "dapple_raster",
 "glam",
 "libm",
 "openpbr",
]

[[package]]
name = "dapple_package"
version = "0.0.1"
dependencies = [
 "dapple_field",
 "dapple_material",
 "glam",
 "serde",
 "serde_json",
]

[[package]]
name = "dapple_raster"
version = "0.0.1"
dependencies = [
 "dapple_field",
 "glam",
 "libm",
 "serde",
]

[[package]]
name = "ddsfile"
version = "0.6.0"
source = "registry+https://github.com/rust-lang/crates.io-index"
checksum = "8be425797f9962624aba78dee473dad28c15999e6ee6feb28ad3ee7928a3bc5b"
dependencies = [
 "bitflags",
 "byteorder",
 "enum-primitive-derive",
 "num-traits",
]

[[package]]
name = "document-features"
version = "0.2.12"
source = "registry+https://github.com/rust-lang/crates.io-index"
checksum = "d4b8a88685455ed29a21542a33abd9cb6510b6b129abadabdcef0f4c55bc8f61"
dependencies = [
 "litrs",
]

[[package]]
name = "enum-primitive-derive"
version = "0.3.0"
source = "registry+https://github.com/rust-lang/crates.io-index"
checksum = "ba7795da175654fe16979af73f81f26a8ea27638d8d9823d317016888a63dc4c"
dependencies = [
 "num-traits",
 "quote",
 "syn 2.0.119",
]

[[package]]
name = "equivalent"
version = "1.0.2"
source = "registry+https://github.com/rust-lang/crates.io-index"
checksum = "877a4ace8713b0bcf2a4e7eec82529c029f1d0619886d18145fea96c3ffe5c0f"

[[package]]
name = "euclid"
version = "0.22.14"
source = "registry+https://github.com/rust-lang/crates.io-index"
checksum = "f1a05365e3b1c6d1650318537c7460c6923f1abdd272ad6842baa2b509957a06"
dependencies = [
 "num-traits",
]

[[package]]
name = "execution_graph"
version = "0.0.1"
source = "git+https://github.com/forest-rs/execution?rev=ce961177dc05a7d0742b88c46c33cb5b49a8fdc1#ce961177dc05a7d0742b88c46c33cb5b49a8fdc1"
dependencies = [
 "hashbrown",
 "invalidation",
]

[[package]]
name = "exedra_assembly"
version = "0.1.0"
source = "git+https://github.com/forest-rs/exedra?rev=b233b2c9608dcc424cf667b35299c4ddb1966112#b233b2c9608dcc424cf667b35299c4ddb1966112"
dependencies = [
 "exedra_constructive",
 "exedra_mesh",
 "exedra_mesh_ops",
 "hashbrown",
 "invalidation",
]

[[package]]
name = "exedra_constructive"
version = "0.1.0"
source = "git+https://github.com/forest-rs/exedra?rev=b233b2c9608dcc424cf667b35299c4ddb1966112#b233b2c9608dcc424cf667b35299c4ddb1966112"
dependencies = [
 "exedra_math",
 "exedra_mesh",
 "exedra_mesh_ops",
 "exedra_primitives",
 "exedra_triangulate",
 "hashbrown",
 "kurbo",
 "libm",
]

[[package]]
name = "exedra_gltf"
version = "0.1.0"
source = "git+https://github.com/forest-rs/exedra?rev=b233b2c9608dcc424cf667b35299c4ddb1966112#b233b2c9608dcc424cf667b35299c4ddb1966112"
dependencies = [
 "exedra_assembly",
 "exedra_constructive",
 "exedra_math",
 "exedra_mesh",
 "serde_json",
]

[[package]]
name = "exedra_math"
version = "0.1.0"
source = "git+https://github.com/forest-rs/exedra?rev=b233b2c9608dcc424cf667b35299c4ddb1966112#b233b2c9608dcc424cf667b35299c4ddb1966112"
dependencies = [
 "libm",
]

[[package]]
name = "exedra_mesh"
version = "0.1.0"
source = "git+https://github.com/forest-rs/exedra?rev=b233b2c9608dcc424cf667b35299c4ddb1966112#b233b2c9608dcc424cf667b35299c4ddb1966112"
dependencies = [
 "exedra_math",
 "exedra_triangulate",
 "hashbrown",
 "invalidation",
 "libm",
]

[[package]]
name = "exedra_mesh_ops"
version = "0.1.0"
source = "git+https://github.com/forest-rs/exedra?rev=b233b2c9608dcc424cf667b35299c4ddb1966112#b233b2c9608dcc424cf667b35299c4ddb1966112"
dependencies = [
 "exedra_math",
 "exedra_mesh",
 "exedra_triangulate",
 "hashbrown",
 "libm",
]

[[package]]
name = "exedra_primitives"
version = "0.1.0"
source = "git+https://github.com/forest-rs/exedra?rev=b233b2c9608dcc424cf667b35299c4ddb1966112#b233b2c9608dcc424cf667b35299c4ddb1966112"
dependencies = [
 "exedra_mesh",
 "libm",
]

[[package]]
name = "exedra_triangulate"
version = "0.1.0"
source = "git+https://github.com/forest-rs/exedra?rev=b233b2c9608dcc424cf667b35299c4ddb1966112#b233b2c9608dcc424cf667b35299c4ddb1966112"

[[package]]
name = "fast_image_resize"
version = "6.1.0"
source = "registry+https://github.com/rust-lang/crates.io-index"
checksum = "e9c50201dc184ba6553da1695aac20a042efffbe2d84542cee31917c86c3ab1e"
dependencies = [
 "cfg-if",
 "document-features",
 "num-traits",
 "thiserror",
]

[[package]]
name = "fdeflate"
version = "0.3.7"
source = "registry+https://github.com/rust-lang/crates.io-index"
checksum = "1e6853b52649d4ac5c0bd02320cddc5ba956bdb407c4b75a2c6b75bf51500f8c"
dependencies = [
 "simd-adler32",
]

[[package]]
name = "fearless_simd"
version = "0.4.1"
source = "registry+https://github.com/rust-lang/crates.io-index"
checksum = "b97b65636e5b9ef369943878ac74335ba1c55c1cb6adbf1e2c293c624248d693"
dependencies = [
 "libm",
]

[[package]]
name = "field_gallery"
version = "0.0.0"
dependencies = [
 "dapple_compress",
 "dapple_encode",
 "dapple_field",
 "dapple_library",
 "dapple_raster",
 "glam",
 "png",
]

[[package]]
name = "find-msvc-tools"
version = "0.1.13"
source = "registry+https://github.com/rust-lang/crates.io-index"
checksum = "ef25905e51abafe4dcea6c15fec58c57b601cdbd0ee53d22ea1d3016c587d39b"

[[package]]
name = "flate2"
version = "1.1.10"
source = "registry+https://github.com/rust-lang/crates.io-index"
checksum = "6e634e2e0ebac1ee034020da1ca582e17ffe4e0f5e985823721e168928136dcb"
dependencies = [
 "crc32fast",
 "miniz_oxide 0.9.1",
 "zlib-rs",
]

[[package]]
name = "foldhash"
version = "0.2.0"
source = "registry+https://github.com/rust-lang/crates.io-index"
checksum = "77ce24cb58228fbb8aa041425bb1050850ac19177686ea6e0f41a70416f56fdb"

[[package]]
name = "font-types"
version = "0.11.3"
source = "registry+https://github.com/rust-lang/crates.io-index"
checksum = "5b38ad915f6dadd993ced50848a8291a543bd41ca62bc10740d5e64e2ab4cfd7"
dependencies = [
 "bytemuck",
]

[[package]]
name = "getrandom"
version = "0.4.3"
source = "registry+https://github.com/rust-lang/crates.io-index"
checksum = "300e883d756b2e4ec94e02791f39b04b522276138852cfc41d9fb7e904106099"
dependencies = [
 "cfg-if",
 "libc",
 "r-efi",
]

[[package]]
name = "glam"
version = "0.33.8"
source = "registry+https://github.com/rust-lang/crates.io-index"
checksum = "a0990707078259d76f65619a692e87c82645be66cbee224173cd1af151e54ba2"
dependencies = [
 "libm",
 "serde_core",
]

[[package]]
name = "glazed_brick"
version = "0.0.0"
dependencies = [
 "dapple_encode",
 "dapple_field",
 "dapple_lab",
 "dapple_library",
 "dapple_material",
 "glam",
 "png",
]

[[package]]
name = "glifo"
version = "0.1.1"
source = "registry+https://github.com/rust-lang/crates.io-index"
checksum = "d99fc21d493812643aae86d53b7bbd02f376434a90317e8a790bc209fdd6605e"
dependencies = [
 "bytemuck",
 "core_maths",
 "foldhash",
 "hashbrown",
 "log",
 "peniko",
 "skrifa",
 "smallvec",
 "vello_common",
]

[[package]]
name = "guillotiere"
version = "0.7.0"
source = "registry+https://github.com/rust-lang/crates.io-index"
checksum = "6b17e70c989c36bad147b27a58d148c0741c51448aa5653436547323e524d0ab"
dependencies = [
 "euclid",
]

[[package]]
name = "half"
version = "2.7.1"
source = "registry+https://github.com/rust-lang/crates.io-index"
checksum = "6ea2d84b969582b4b1864a92dc5d27cd2b77b622a8d79306834f1be5ba20d84b"
dependencies = [
 "bytemuck",
 "cfg-if",
 "crunchy",
 "zerocopy",
]

[[package]]
name = "hashbrown"
version = "0.17.1"
source = "registry+https://github.com/rust-lang/crates.io-index"
checksum = "ed5909b6e89a2db4456e54cd5f673791d7eca6732202bbf2a9cc504fe2f9b84a"
dependencies = [
 "foldhash",
]

[[package]]
name = "imaging"
version = "0.0.1"
source = "git+https://github.com/forest-rs/imaging?rev=89b364b253bd4a07732e0fb1de95ae1b313cf588#89b364b253bd4a07732e0fb1de95ae1b313cf588"
dependencies = [
 "kurbo",
 "peniko",
]

[[package]]
name = "imaging_gallery"
version = "0.0.0"
dependencies = [
 "dapple_field",
 "dapple_imaging",
 "dapple_raster",
 "glam",
 "png",
]

[[package]]
name = "imaging_vello_cpu"
version = "0.0.2"
source = "git+https://github.com/forest-rs/imaging?rev=89b364b253bd4a07732e0fb1de95ae1b313cf588#89b364b253bd4a07732e0fb1de95ae1b313cf588"
dependencies = [
 "imaging",
 "kurbo",
 "peniko",
 "vello_common",
 "vello_cpu",
]

[[package]]
name = "indexmap"
version = "2.14.2"
source = "registry+https://github.com/rust-lang/crates.io-index"
checksum = "cc4e190f5d26ca7051642629da2c52fc03bde85a03197c99408dcd291734c855"
dependencies = [
 "equivalent",
 "hashbrown",
]

[[package]]
name = "invalidation"
version = "0.2.0"
source = "registry+https://github.com/rust-lang/crates.io-index"
checksum = "d2217040acf2f123ec9ed6c37c368ba66d1e5a9f2048478c1fdd861bb5cfdecd"
dependencies = [
 "hashbrown",
]

[[package]]
name = "ispc-build-utils"
version = "0.5.0"
source = "registry+https://github.com/rust-lang/crates.io-index"
checksum = "a4cda913ddb107b9bb5c46769855e3849e62daa52fc7e70de0080ca4e6cfd030"
dependencies = [
 "find-msvc-tools",
]

[[package]]
name = "itoa"
version = "1.0.18"
source = "registry+https://github.com/rust-lang/crates.io-index"
checksum = "8f42a60cbdf9a97f5d2305f08a87dc4e09308d1276d28c869c684d7777685682"

[[package]]
name = "jobserver"
version = "0.1.35"
source = "registry+https://github.com/rust-lang/crates.io-index"
checksum = "1c00acbd29eabad4a2392fa0e921c874934dbbf4194312ad20f04a0ed67a3cb3"
dependencies = [
 "getrandom",
 "libc",
]

[[package]]
name = "ktx2"
version = "0.5.0"
source = "registry+https://github.com/rust-lang/crates.io-index"
checksum = "1d50be8a24c37debdf3170be6ca396d5b5b165f37f94837891adac735ca416b8"
dependencies = [
 "bitflags",
]

[[package]]
name = "kurbo"
version = "0.13.1"
source = "registry+https://github.com/rust-lang/crates.io-index"
checksum = "4b60dfc32f652b926df6192e55525b16d186c69d47876c3ead4da5cc9f8450e2"
dependencies = [
 "arrayvec",
 "euclid",
 "libm",
 "polycool",
 "smallvec",
]

[[package]]
name = "libc"
version = "0.2.189"
source = "registry+https://github.com/rust-lang/crates.io-index"
checksum = "3eaf3ede3fee6db1a4c2ee091bf8a8b4dccdc6d17f656fb07896ee72867612f2"

[[package]]
name = "libm"
version = "0.2.16"
source = "registry+https://github.com/rust-lang/crates.io-index"
checksum = "b6d2cec3eae94f9f509c767b45932f1ada8350c4bdb85af2fcab4a3c14807981"

[[package]]
name = "linebender_resource_handle"
version = "0.1.1"
source = "registry+https://github.com/rust-lang/crates.io-index"
checksum = "d4a5ff6bcca6c4867b1c4fd4ef63e4db7436ef363e0ad7531d1558856bae64f4"

[[package]]
name = "litrs"
version = "1.0.0"
source = "registry+https://github.com/rust-lang/crates.io-index"
checksum = "11d3d7f243d5c5a8b9bb5d6dd2b1602c0cb0b9db1621bafc7ed66e35ff9fe092"

[[package]]
name = "log"
version = "0.4.34"
source = "registry+https://github.com/rust-lang/crates.io-index"
checksum = "f9f8bd3e56ce4dfc153cf470fffbfa98c7620958b312ca5c3a4b8d5181fd13c6"

[[package]]
name = "material_fit"
version = "0.0.0"
dependencies = [
 "dapple_field",
 "dapple_lab",
 "dapple_library",
 "dapple_material",
 "dapple_package",
 "dapple_raster",
 "glam",
]

[[package]]
name = "material_lab"
version = "0.0.0"
dependencies = [
 "dapple_elements",
 "dapple_field",
 "dapple_lab",
 "dapple_library",
 "dapple_material",
 "glam",
]

[[package]]
name = "memchr"
version = "2.8.3"
source = "registry+https://github.com/rust-lang/crates.io-index"
checksum = "cf8baf1c55e62ffcace7a9f06f4bd9cd3f0c4beb022d3b367256b91b87513d98"

[[package]]
name = "miniz_oxide"
version = "0.8.9"
source = "registry+https://github.com/rust-lang/crates.io-index"
checksum = "1fa76a2c86f704bdb222d66965fb3d63269ce38518b83cb0575fca855ebb6316"
dependencies = [
 "adler2",
 "simd-adler32",
]

[[package]]
name = "miniz_oxide"
version = "0.9.1"
source = "registry+https://github.com/rust-lang/crates.io-index"
checksum = "b63fbc4a50860e98e7b2aa7804ded1db5cbc3aff9193adaff57a6931bf7c4b4c"
dependencies = [
 "adler2",
 "simd-adler32",
]

[[package]]
name = "num-traits"
version = "0.2.19"
source = "registry+https://github.com/rust-lang/crates.io-index"
checksum = "071dfc062690e90b734c0b2273ce72ad0ffa95f0c74596bc250dcfd960262841"
dependencies = [
 "autocfg",
 "libm",
]

[[package]]
name = "openpbr"
version = "0.1.0"
source = "git+https://github.com/forest-rs/openpbr?rev=374ddf3512e7bb4d369708777be6b3ff60754964#374ddf3512e7bb4d369708777be6b3ff60754964"
dependencies = [
 "color",
]

[[package]]
name = "paste"
version = "1.0.15"
source = "registry+https://github.com/rust-lang/crates.io-index"
checksum = "57c0d7b74b563b49d38dae00a0c37d4d6de9b432382b2892f0574ddcae73fd0a"

[[package]]
name = "peniko"
version = "0.6.1"
source = "registry+https://github.com/rust-lang/crates.io-index"
checksum = "839c8299360d2e998bdb106dc0a6cd71dcc5f4df51df1b620361bf50e283cca6"
dependencies = [
 "bytemuck",
 "color",
 "kurbo",
 "linebender_resource_handle",
 "smallvec",
]

[[package]]
name = "pkg-config"
version = "0.3.34"
source = "registry+https://github.com/rust-lang/crates.io-index"
checksum = "f6b464fbc74e149a392436b17d523f769e057cb6877f6a5c4618bc6f11800548"

[[package]]
name = "png"
version = "0.18.1"
source = "registry+https://github.com/rust-lang/crates.io-index"
checksum = "60769b8b31b2a9f263dae2776c37b1b28ae246943cf719eb6946a1db05128a61"
dependencies = [
 "bitflags",
 "crc32fast",
 "fdeflate",
 "flate2",
 "miniz_oxide 0.8.9",
]

[[package]]
name = "polycool"
version = "0.4.0"
source = "registry+https://github.com/rust-lang/crates.io-index"
checksum = "50596ddc09eb5ad5f75cacd40209568e66df71baf86e1499a0e99c4cff12a5a6"
dependencies = [
 "arrayvec",
 "libm",
]

[[package]]
name = "proc-macro2"
version = "1.0.107"
source = "registry+https://github.com/rust-lang/crates.io-index"
checksum = "985e7ec9bb745e6ce6535b544d84d6cd6f7ad8bd711c398938ae983b91a766d9"
dependencies = [
 "unicode-ident",
]

[[package]]
name = "profiling"
version = "1.0.18"
source = "registry+https://github.com/rust-lang/crates.io-index"
checksum = "3d595e54a326bc53c1c197b32d295e14b169e3cfeaa8dc82b529f947fba6bcf5"
dependencies = [
 "profiling-procmacros",
]

[[package]]
name = "profiling-procmacros"
version = "1.0.18"
source = "registry+https://github.com/rust-lang/crates.io-index"
checksum = "4488a4a36b9a4ba6b9334a32a39971f77c1436ec82c38707bce707699cc3bbcb"
dependencies = [
 "quote",
 "syn 2.0.119",
]

[[package]]
name = "quote"
version = "1.0.47"
source = "registry+https://github.com/rust-lang/crates.io-index"
checksum = "1fbf4db142a473a8d80c26bbf18454ed458bf8d26c8219c331daecfdbd079001"
dependencies = [
 "proc-macro2",
]

[[package]]
name = "r-efi"
version = "6.0.0"
source = "registry+https://github.com/rust-lang/crates.io-index"
checksum = "f8dcc9c7d52a811697d2151c701e0d08956f92b0e24136cf4cf27b57a6a0d9bf"

[[package]]
name = "read-fonts"
version = "0.39.2"
source = "registry+https://github.com/rust-lang/crates.io-index"
checksum = "c4ed38b89c2c77ff968c524145ad65fb010f38af5c7a224b53b81d47ac2daa81"
dependencies = [
 "bytemuck",
 "core_maths",
 "font-types",
]

[[package]]
name = "serde"
version = "1.0.229"
source = "registry+https://github.com/rust-lang/crates.io-index"
checksum = "4148590afebada386688f18773da617792bf2ef03ffc1e4cbd2b1d45b023e0ba"
dependencies = [
 "serde_core",
 "serde_derive",
]

[[package]]
name = "serde_core"
version = "1.0.229"
source = "registry+https://github.com/rust-lang/crates.io-index"
checksum = "67dca2c9c51e58a4791a4b1ed58308b39c64224d349a935ab5039aa360942a48"
dependencies = [
 "serde_derive",
]

[[package]]
name = "serde_derive"
version = "1.0.229"
source = "registry+https://github.com/rust-lang/crates.io-index"
checksum = "e7a5d71263a5a7d47b41f6b3f06ba276f10cc18b0931f1799f710578e2309348"
dependencies = [
 "proc-macro2",
 "quote",
 "syn 3.0.6",
]

[[package]]
name = "serde_json"
version = "1.0.151"
source = "registry+https://github.com/rust-lang/crates.io-index"
checksum = "c841b55ecdae098c80dcae9cf767f6f8a0c2cdb3416bbef72181df4d0fe73f14"
dependencies = [
 "itoa",
 "memchr",
 "serde",
 "serde_core",
 "zmij",
]

[[package]]
name = "serde_spanned"
version = "1.1.1"
source = "registry+https://github.com/rust-lang/crates.io-index"
checksum = "6662b5879511e06e8999a8a235d848113e942c9124f211511b16466ee2995f26"
dependencies = [
 "serde_core",
]

[[package]]
name = "shlex"
version = "2.0.1"
source = "registry+https://github.com/rust-lang/crates.io-index"
checksum = "f8fadd59c855ef2080decdef8ff161eb6661b86933c9d82e5ba29dc602a55aba"

[[package]]
name = "simd-adler32"
version = "0.3.10"
source = "registry+https://github.com/rust-lang/crates.io-index"
checksum = "3a219298ac11a56ea9a6d2120044824d6f01aeb034955e7af7bc16858527deea"

[[package]]
name = "skrifa"
version = "0.42.1"
source = "registry+https://github.com/rust-lang/crates.io-index"
checksum = "0c34617370ae968efb7161bb2beb517d9084659aae19e24b89e3db25b46e4564"
dependencies = [
 "bytemuck",
 "core_maths",
 "read-fonts",
]

[[package]]
name = "smallvec"
version = "1.16.1"
source = "registry+https://github.com/rust-lang/crates.io-index"
checksum = "ba467056f1b547ed52077911161fc86985becbc60e8e1857c8a144dab0def891"

[[package]]
name = "syn"
version = "2.0.119"
source = "registry+https://github.com/rust-lang/crates.io-index"
checksum = "872831b642d1a07999a962a351ed35b955ea2cfc8f3862091e2a240a84f17297"
dependencies = [
 "proc-macro2",
 "quote",
 "unicode-ident",
]

[[package]]
name = "syn"
version = "3.0.6"
source = "registry+https://github.com/rust-lang/crates.io-index"
checksum = "8593e8e72159ed2257d083c7a454a85cbf854f37a0966d8d483aff8c8a3ebcee"
dependencies = [
 "proc-macro2",
 "quote",
 "unicode-ident",
]

[[package]]
name = "thiserror"
version = "2.0.20"
source = "registry+https://github.com/rust-lang/crates.io-index"
checksum = "ec86235f5fcc2a73650310756d2ac5b138a5780bbbdfae3eeccec992c435ba4f"
dependencies = [
 "thiserror-impl",
]

[[package]]
name = "thiserror-impl"
version = "2.0.20"
source = "registry+https://github.com/rust-lang/crates.io-index"
checksum = "bc04cd3e1236dd4a98afca4569f2deb3f120e5422a4023be2cb683f8486292af"
dependencies = [
 "proc-macro2",
 "quote",
 "syn 3.0.6",
]

[[package]]
name = "timber_bake"
version = "0.0.0"
dependencies = [
 "dapple_exedra",
 "dapple_library",
 "exedra_assembly",
 "exedra_constructive",
 "exedra_gltf",
 "glam",
 "png",
 "serde_json",
]

[[package]]
name = "toml"
version = "1.1.6+spec-1.1.0"
source = "registry+https://github.com/rust-lang/crates.io-index"
checksum = "920602543f0911ab71da12c50d59701da54c196d1a2bf5cb4b75667f137a406a"
dependencies = [
 "indexmap",
 "serde_core",
 "serde_spanned",
 "toml_datetime",
 "toml_parser",
 "toml_writer",
 "winnow",
]

[[package]]
name = "toml_datetime"
version = "1.1.1+spec-1.1.0"
source = "registry+https://github.com/rust-lang/crates.io-index"
checksum = "3165f65f62e28e0115a00b2ebdd37eb6f3b641855f9d636d3cd4103767159ad7"
dependencies = [
 "serde_core",
]

[[package]]
name = "toml_parser"
version = "1.1.3+spec-1.1.0"
source = "registry+https://github.com/rust-lang/crates.io-index"
checksum = "1d38ac1cf9b95face32296c0a3ede1fdc270627c9d9c02a7274dd6d960dc4d56"
dependencies = [
 "winnow",
]

[[package]]
name = "toml_writer"
version = "1.1.2+spec-1.1.0"
source = "registry+https://github.com/rust-lang/crates.io-index"
checksum = "7d56353a2a665ad0f41a421187180aab746c8c325620617ad883a99a1cbe66d2"

[[package]]
name = "unicode-ident"
version = "1.0.26"
source = "registry+https://github.com/rust-lang/crates.io-index"
checksum = "d245f478577f809a851594d02313b640fb437e0bb33866753cff937863096954"

[[package]]
name = "vello_common"
version = "0.0.9"
source = "registry+https://github.com/rust-lang/crates.io-index"
checksum = "19d672facaa2d697285a786cd9d44d614cd2ce54cdc022504bf339f8fff3b750"
dependencies = [
 "bytemuck",
 "fearless_simd",
 "guillotiere",
 "hashbrown",
 "libm",
 "log",
 "peniko",
 "smallvec",
 "thiserror",
]

[[package]]
name = "vello_cpu"
version = "0.0.9"
source = "registry+https://github.com/rust-lang/crates.io-index"
checksum = "588691169aed86b5c8fb487266afee01323234e6fd0a3f2aaec0eaa8e4007f23"
dependencies = [
 "bytemuck",
 "glifo",
 "hashbrown",
 "vello_common",
]

[[package]]
name = "winnow"
version = "1.0.4"
source = "registry+https://github.com/rust-lang/crates.io-index"
checksum = "23b97319f7b8343df12cc98938e5c3eb436064524c8d2b4e30a1d3a36eecdf81"

[[package]]
name = "zerocopy"
version = "0.8.57"
source = "registry+https://github.com/rust-lang/crates.io-index"
checksum = "d35102a9f36d089ccae9e4c6802bc118be4487b80aaffc0ab4e0cf5ce92d2873"
dependencies = [
 "zerocopy-derive",
]

[[package]]
name = "zerocopy-derive"
version = "0.8.57"
source = "registry+https://github.com/rust-lang/crates.io-index"
checksum = "146c01f5ab44258da43cf276c74a2763db2ff3969c9c652c3f2de07041d0b2bc"
dependencies = [
 "proc-macro2",
 "quote",
 "syn 2.0.119",
]

[[package]]
name = "zlib-rs"
version = "0.6.8"
source = "registry+https://github.com/rust-lang/crates.io-index"
checksum = "b268e58e7c693d7c271f93ffc4ba3b380412554231c85bf61ca7af91042a4112"

[[package]]
name = "zmij"
version = "1.0.23"
source = "registry+https://github.com/rust-lang/crates.io-index"
checksum = "29666d0abbfad1e3dc4dcf6144730dd3a3ab225bbbdac83319345b1b44ccfc1b"

[[package]]
name = "zstd"
version = "0.13.3"
source = "registry+https://github.com/rust-lang/crates.io-index"
checksum = "e91ee311a569c327171651566e07972200e76fcfe2242a4fa446149a3881c08a"
dependencies = [
 "zstd-safe",
]

[[package]]
name = "zstd-safe"
version = "7.3.0"
source = "registry+https://github.com/rust-lang/crates.io-index"
checksum = "64d80649ab6db9d9f6f9c80a40becd948eda4714a0a5ac8c4d157a32231c7882"
dependencies = [
 "zstd-sys",
]

[[package]]
name = "zstd-sys"
version = "2.1.0+zstd.1.5.7"
source = "registry+https://github.com/rust-lang/crates.io-index"
checksum = "0ef0a8027ec3ee71300ab3bcbcd0393f434aa72b91ca6d635a39941deae8eea0"
dependencies = [
 "cc",
 "pkg-config",
]
